schema: '2.0'
stages:
  download:
    cmd: wget https://www.cs.cmu.edu/~enron/enron_mail_20150507.tar.gz -O data/enron_mail_20150507.tar.gz
    outs:
    - path: data/enron_mail_20150507.tar.gz
      hash: md5
      md5: 0dfec6b13323d01f4275c6913f461ac6
      size: 443254787
  unzip:
    cmd: tar -xf data/enron_mail_20150507.tar.gz -C data/
    deps:
    - path: data/enron_mail_20150507.tar.gz
      hash: md5
      md5: 0dfec6b13323d01f4275c6913f461ac6
      size: 443254787
  report:
    cmd: bash -c "cd report && latexmk article.tex -pdf"
    deps:
    - path: report/article.tex
      hash: md5
      md5: 90c73e92d4687bfc314c43b30cf1afb3
      size: 2779
    outs:
    - path: report/article.pdf
      hash: md5
      md5: df10eb442e7ea89be265a2691634ebec
      size: 74983
